{
  "name": "next5ant",
  "version": "1.0.0",
  "lockfileVersion": 1,
  "requires": true,
  "dependencies": {
    "eslint-plugin-jest": {
      "version": "21.17.0",
      "resolved": "https://registry.npmjs.org/eslint-plugin-jest/-/eslint-plugin-jest-21.17.0.tgz",
      "integrity": "sha512-kB0gaMLy4RA1bAltYSnnoW33hzX0bUrALGaIqaLoB41Fif38/uAv6oNUFbrzp7aFrwegxKUgFcE/8Z0DZEa0SQ==",
      "dev": true
    }
  }
}
